
Microsoft Visual Studio Solution File, Format Version 12.00
# Visual Studio Version 16
VisualStudioVersion = 16.0.30114.105
MinimumVisualStudioVersion = 10.0.40219.1
Project("{FAE04EC0-301F-11D3-BF4B-00C04F79EFBC}") = "Store.Application", "Store.Application\Store.Application.csproj", "{7AE83632-9F80-4076-8BA1-DA270730F238}"
EndProject
Project("{FAE04EC0-301F-11D3-BF4B-00C04F79EFBC}") = "Store.Domain", "Store.Domain\Store.Domain.csproj", "{069F3C3E-4520-4750-97EE-2459CA059093}"
EndProject
Project("{FAE04EC0-301F-11D3-BF4B-00C04F79EFBC}") = "Store.API", "Store.API\Store.API.csproj", "{7B6E3F0B-05E6-4EFD-AEFD-498EB7D2699C}"
EndProject
Project("{FAE04EC0-301F-11D3-BF4B-00C04F79EFBC}") = "Store.Persistence", "Store.Persistence\Store.Persistence.csproj", "{6CCCA83E-F85A-49DA-B546-BE52B025E6FA}"
EndProject
Global
	GlobalSection(SolutionConfigurationPlatforms) = preSolution
		Debug|Any CPU = Debug|Any CPU
		Debug|x64 = Debug|x64
		Debug|x86 = Debug|x86
		Release|Any CPU = Release|Any CPU
		Release|x64 = Release|x64
		Release|x86 = Release|x86
	EndGlobalSection
	GlobalSection(SolutionProperties) = preSolution
		HideSolutionNode = FALSE
	EndGlobalSection
	GlobalSection(ProjectConfigurationPlatforms) = postSolution
		{7AE83632-9F80-4076-8BA1-DA270730F238}.Debug|Any CPU.ActiveCfg = Debug|Any CPU
		{7AE83632-9F80-4076-8BA1-DA270730F238}.Debug|Any CPU.Build.0 = Debug|Any CPU
		{7AE83632-9F80-4076-8BA1-DA270730F238}.Debug|x64.ActiveCfg = Debug|Any CPU
		{7AE83632-9F80-4076-8BA1-DA270730F238}.Debug|x64.Build.0 = Debug|Any CPU
		{7AE83632-9F80-4076-8BA1-DA270730F238}.Debug|x86.ActiveCfg = Debug|Any CPU
		{7AE83632-9F80-4076-8BA1-DA270730F238}.Debug|x86.Build.0 = Debug|Any CPU
		{7AE83632-9F80-4076-8BA1-DA270730F238}.Release|Any CPU.ActiveCfg = Release|Any CPU
		{7AE83632-9F80-4076-8BA1-DA270730F238}.Release|Any CPU.Build.0 = Release|Any CPU
		{7AE83632-9F80-4076-8BA1-DA270730F238}.Release|x64.ActiveCfg = Release|Any CPU
		{7AE83632-9F80-4076-8BA1-DA270730F238}.Release|x64.Build.0 = Release|Any CPU
		{7AE83632-9F80-4076-8BA1-DA270730F238}.Release|x86.ActiveCfg = Release|Any CPU
		{7AE83632-9F80-4076-8BA1-DA270730F238}.Release|x86.Build.0 = Release|Any CPU
		{069F3C3E-4520-4750-97EE-2459CA059093}.Debug|Any CPU.ActiveCfg = Debug|Any CPU
		{069F3C3E-4520-4750-97EE-2459CA059093}.Debug|Any CPU.Build.0 = Debug|Any CPU
		{069F3C3E-4520-4750-97EE-2459CA059093}.Debug|x64.ActiveCfg = Debug|Any CPU
		{069F3C3E-4520-4750-97EE-2459CA059093}.Debug|x64.Build.0 = Debug|Any CPU
		{069F3C3E-4520-4750-97EE-2459CA059093}.Debug|x86.ActiveCfg = Debug|Any CPU
		{069F3C3E-4520-4750-97EE-2459CA059093}.Debug|x86.Build.0 = Debug|Any CPU
		{069F3C3E-4520-4750-97EE-2459CA059093}.Release|Any CPU.ActiveCfg = Release|Any CPU
		{069F3C3E-4520-4750-97EE-2459CA059093}.Release|Any CPU.Build.0 = Release|Any CPU
		{069F3C3E-4520-4750-97EE-2459CA059093}.Release|x64.ActiveCfg = Release|Any CPU
		{069F3C3E-4520-4750-97EE-2459CA059093}.Release|x64.Build.0 = Release|Any CPU
		{069F3C3E-4520-4750-97EE-2459CA059093}.Release|x86.ActiveCfg = Release|Any CPU
		{069F3C3E-4520-4750-97EE-2459CA059093}.Release|x86.Build.0 = Release|Any CPU
		{7B6E3F0B-05E6-4EFD-AEFD-498EB7D2699C}.Debug|Any CPU.ActiveCfg = Debug|Any CPU
		{7B6E3F0B-05E6-4EFD-AEFD-498EB7D2699C}.Debug|Any CPU.Build.0 = Debug|Any CPU
		{7B6E3F0B-05E6-4EFD-AEFD-498EB7D2699C}.Debug|x64.ActiveCfg = Debug|Any CPU
		{7B6E3F0B-05E6-4EFD-AEFD-498EB7D2699C}.Debug|x64.Build.0 = Debug|Any CPU
		{7B6E3F0B-05E6-4EFD-AEFD-498EB7D2699C}.Debug|x86.ActiveCfg = Debug|Any CPU
		{7B6E3F0B-05E6-4EFD-AEFD-498EB7D2699C}.Debug|x86.Build.0 = Debug|Any CPU
		{7B6E3F0B-05E6-4EFD-AEFD-498EB7D2699C}.Release|Any CPU.ActiveCfg = Release|Any CPU
		{7B6E3F0B-05E6-4EFD-AEFD-498EB7D2699C}.Release|Any CPU.Build.0 = Release|Any CPU
		{7B6E3F0B-05E6-4EFD-AEFD-498EB7D2699C}.Release|x64.ActiveCfg = Release|Any CPU
		{7B6E3F0B-05E6-4EFD-AEFD-498EB7D2699C}.Release|x64.Build.0 = Release|Any CPU
		{7B6E3F0B-05E6-4EFD-AEFD-498EB7D2699C}.Release|x86.ActiveCfg = Release|Any CPU
		{7B6E3F0B-05E6-4EFD-AEFD-498EB7D2699C}.Release|x86.Build.0 = Release|Any CPU
		{6CCCA83E-F85A-49DA-B546-BE52B025E6FA}.Debug|Any CPU.ActiveCfg = Debug|Any CPU
		{6CCCA83E-F85A-49DA-B546-BE52B025E6FA}.Debug|Any CPU.Build.0 = Debug|Any CPU
		{6CCCA83E-F85A-49DA-B546-BE52B025E6FA}.Debug|x64.ActiveCfg = Debug|Any CPU
		{6CCCA83E-F85A-49DA-B546-BE52B025E6FA}.Debug|x64.Build.0 = Debug|Any CPU
		{6CCCA83E-F85A-49DA-B546-BE52B025E6FA}.Debug|x86.ActiveCfg = Debug|Any CPU
		{6CCCA83E-F85A-49DA-B546-BE52B025E6FA}.Debug|x86.Build.0 = Debug|Any CPU
		{6CCCA83E-F85A-49DA-B546-BE52B025E6FA}.Release|Any CPU.ActiveCfg = Release|Any CPU
		{6CCCA83E-F85A-49DA-B546-BE52B025E6FA}.Release|Any CPU.Build.0 = Release|Any CPU
		{6CCCA83E-F85A-49DA-B546-BE52B025E6FA}.Release|x64.ActiveCfg = Release|Any CPU
		{6CCCA83E-F85A-49DA-B546-BE52B025E6FA}.Release|x64.Build.0 = Release|Any CPU
		{6CCCA83E-F85A-49DA-B546-BE52B025E6FA}.Release|x86.ActiveCfg = Release|Any CPU
		{6CCCA83E-F85A-49DA-B546-BE52B025E6FA}.Release|x86.Build.0 = Release|Any CPU
	EndGlobalSection
EndGlobal
